// !$*UTF8*$!
{
	archiveVersion = 1;
	classes = {
	};
	objectVersion = 50;
	objects = {

/* Begin PBXBuildFile section */
		3FF75DC526B30FA400BDE575 /* AppDelegate.swift in Sources */ = {isa = PBXBuildFile; fileRef = 3FF75DC426B30FA400BDE575 /* AppDelegate.swift */; };
		3FF75DC726B30FA400BDE575 /* SceneDelegate.swift in Sources */ = {isa = PBXBuildFile; fileRef = 3FF75DC626B30FA400BDE575 /* SceneDelegate.swift */; };
		3FF75DC926B30FA400BDE575 /* ViewController.swift in Sources */ = {isa = PBXBuildFile; fileRef = 3FF75DC826B30FA400BDE575 /* ViewController.swift */; };
		3FF75DCC26B30FA400BDE575 /* Main.storyboard in Resources */ = {isa = PBXBuildFile; fileRef = 3FF75DCA26B30FA400BDE575 /* Main.storyboard */; };
		3FF75DCE26B30FA700BDE575 /* Assets.xcassets in Resources */ = {isa = PBXBuildFile; fileRef = 3FF75DCD26B30FA700BDE575 /* Assets.xcassets */; };
		3FF75DD126B30FA700BDE575 /* LaunchScreen.storyboard in Resources */ = {isa = PBXBuildFile; fileRef = 3FF75DCF26B30FA700BDE575 /* LaunchScreen.storyboard */; };
		3FF75DDC26B30FA700BDE575 /* Tabbed_ControllerTests.swift in Sources */ = {isa = PBXBuildFile; fileRef = 3FF75DDB26B30FA700BDE575 /* Tabbed_ControllerTests.swift */; };
		3FF75DE726B30FA700BDE575 /* Tabbed_ControllerUITests.swift in Sources */ = {isa = PBXBuildFile; fileRef = 3FF75DE626B30FA700BDE575 /* Tabbed_ControllerUITests.swift */; };
		3FF75DF526B31D5300BDE575 /* depositphotos_14134920-stock-illustration-soccer-ball-sketch.jpeg in Resources */ = {isa = PBXBuildFile; fileRef = 3FF75DF426B31D5300BDE575 /* depositphotos_14134920-stock-illustration-soccer-ball-sketch.jpeg */; };
		3FF75DF726B31D8800BDE575 /* 597-5973064_american-football-ball-clipart-picture-freeuse-library-colorful.png in Resources */ = {isa = PBXBuildFile; fileRef = 3FF75DF626B31D8800BDE575 /* 597-5973064_american-football-ball-clipart-picture-freeuse-library-colorful.png */; };
/* End PBXBuildFile section */

/* Begin PBXContainerItemProxy section */
		3FF75DD826B30FA700BDE575 /* PBXContainerItemProxy */ = {
			isa = PBXContainerItemProxy;
			containerPortal = 3FF75DB926B30FA400BDE575 /* Project object */;
			proxyType = 1;
			remoteGlobalIDString = 3FF75DC026B30FA400BDE575;
			remoteInfo = "Tabbed Controller";
		};
		3FF75DE326B30FA700BDE575 /* PBXContainerItemProxy */ = {
			isa = PBXContainerItemProxy;
			containerPortal = 3FF75DB926B30FA400BDE575 /* Project object */;
			proxyType = 1;
			remoteGlobalIDString = 3FF75DC026B30FA400BDE575;
			remoteInfo = "Tabbed Controller";
		};
/* End PBXContainerItemProxy section */

/* Begin PBXFileReference section */
		3FF75DC126B30FA400BDE575 /* Tabbed Controller.app */ = {isa = PBXFileReference; explicitFileType = wrapper.application; includeInIndex = 0; path = "Tabbed Controller.app"; sourceTree = BUILT_PRODUCTS_DIR; };
		3FF75DC426B30FA400BDE575 /* AppDelegate.swift */ = {isa = PBXFileReference; lastKnownFileType = sourcecode.swift; path = AppDelegate.swift; sourceTree = "<group>"; };
		3FF75DC626B30FA400BDE575 /* SceneDelegate.swift */ = {isa = PBXFileReference; lastKnownFileType = sourcecode.swift; path = SceneDelegate.swift; sourceTree = "<group>"; };
		3FF75DC826B30FA400BDE575 /* ViewController.swift */ = {isa = PBXFileReference; lastKnownFileType = sourcecode.swift; path = ViewController.swift; sourceTree = "<group>"; };
		3FF75DCB26B30FA400BDE575 /* Base */ = {isa = PBXFileReference; lastKnownFileType = file.storyboard; name = Base; path = Base.lproj/Main.storyboard; sourceTree = "<group>"; };
		3FF75DCD26B30FA700BDE575 /* Assets.xcassets */ = {isa = PBXFileReference; lastKnownFileType = folder.assetcatalog; path = Assets.xcassets; sourceTree = "<group>"; };
		3FF75DD026B30FA700BDE575 /* Base */ = {isa = PBXFileReference; lastKnownFileType = file.storyboard; name = Base; path = Base.lproj/LaunchScreen.storyboard; sourceTree = "<group>"; };
		3FF75DD226B30FA700BDE575 /* Info.plist */ = {isa = PBXFileReference; lastKnownFileType = text.plist.xml; path = Info.plist; sourceTree = "<group>"; };
		3FF75DD726B30FA700BDE575 /* Tabbed ControllerTests.xctest */ = {isa = PBXFileReference; explicitFileType = wrapper.cfbundle; includeInIndex = 0; path = "Tabbed ControllerTests.xctest"; sourceTree = BUILT_PRODUCTS_DIR; };
		3FF75DDB26B30FA700BDE575 /* Tabbed_ControllerTests.swift */ = {isa = PBXFileReference; lastKnownFileType = sourcecode.swift; path = Tabbed_ControllerTests.swift; sourceTree = "<group>"; };
		3FF75DDD26B30FA700BDE575 /* Info.plist */ = {isa = PBXFileReference; lastKnownFileType = text.plist.xml; path = Info.plist; sourceTree = "<group>"; };
		3FF75DE226B30FA700BDE575 /* Tabbed ControllerUITests.xctest */ = {isa = PBXFileReference; explicitFileType = wrapper.cfbundle; includeInIndex = 0; path = "Tabbed ControllerUITests.xctest"; sourceTree = BUILT_PRODUCTS_DIR; };
		3FF75DE626B30FA700BDE575 /* Tabbed_ControllerUITests.swift */ = {isa = PBXFileReference; lastKnownFileType = sourcecode.swift; path = Tabbed_ControllerUITests.swift; sourceTree = "<group>"; };
		3FF75DE826B30FA700BDE575 /* Info.plist */ = {isa = PBXFileReference; lastKnownFileType = text.plist.xml; path = Info.plist; sourceTree = "<group>"; };
		3FF75DF426B31D5300BDE575 /* depositphotos_14134920-stock-illustration-soccer-ball-sketch.jpeg */ = {isa = PBXFileReference; lastKnownFileType = image.jpeg; name = "depositphotos_14134920-stock-illustration-soccer-ball-sketch.jpeg"; path = "../../../Downloads/depositphotos_14134920-stock-illustration-soccer-ball-sketch.jpeg"; sourceTree = "<group>"; };
		3FF75DF626B31D8800BDE575 /* 597-5973064_american-football-ball-clipart-picture-freeuse-library-colorful.png */ = {isa = PBXFileReference; lastKnownFileType = image.png; name = "597-5973064_american-football-ball-clipart-picture-freeuse-library-colorful.png"; path = "../../../Downloads/597-5973064_american-football-ball-clipart-picture-freeuse-library-colorful.png"; sourceTree = "<group>"; };
/* End PBXFileReference section */

/* Begin PBXFrameworksBuildPhase section */
		3FF75DBE26B30FA400BDE575 /* Frameworks */ = {
			isa = PBXFrameworksBuildPhase;
			buildActionMask = 2147483647;
			files = (
			);
			runOnlyForDeploymentPostprocessing = 0;
		};
		3FF75DD426B30FA700BDE575 /* Frameworks */ = {
			isa = PBXFrameworksBuildPhase;
			buildActionMask = 2147483647;
			files = (
			);
			runOnlyForDeploymentPostprocessing = 0;
		};
		3FF75DDF26B30FA700BDE575 /* Frameworks */ = {
			isa = PBXFrameworksBuildPhase;
			buildActionMask = 2147483647;
			files = (
			);
			runOnlyForDeploymentPostprocessing = 0;
		};
/* End PBXFrameworksBuildPhase section */

/* Begin PBXGroup section */
		3FF75DB826B30FA400BDE575 = {
			isa = PBXGroup;
			children = (
				3FF75DC326B30FA400BDE575 /* Tabbed Controller */,
				3FF75DDA26B30FA700BDE575 /* Tabbed ControllerTests */,
				3FF75DE526B30FA700BDE575 /* Tabbed ControllerUITests */,
				3FF75DC226B30FA400BDE575 /* Products */,
			);
			sourceTree = "<group>";
		};
		3FF75DC226B30FA400BDE575 /* Products */ = {
			isa = PBXGroup;
			children = (
				3FF75DC126B30FA400BDE575 /* Tabbed Controller.app */,
				3FF75DD726B30FA700BDE575 /* Tabbed ControllerTests.xctest */,
				3FF75DE226B30FA700BDE575 /* Tabbed ControllerUITests.xctest */,
			);
			name = Products;
			sourceTree = "<group>";
		};
		3FF75DC326B30FA400BDE575 /* Tabbed Controller */ = {
			isa = PBXGroup;
			children = (
				3FF75DC426B30FA400BDE575 /* AppDelegate.swift */,
				3FF75DC626B30FA400BDE575 /* SceneDelegate.swift */,
				3FF75DC826B30FA400BDE575 /* ViewController.swift */,
				3FF75DCA26B30FA400BDE575 /* Main.storyboard */,
				3FF75DCD26B30FA700BDE575 /* Assets.xcassets */,
				3FF75DF426B31D5300BDE575 /* depositphotos_14134920-stock-illustration-soccer-ball-sketch.jpeg */,
				3FF75DF626B31D8800BDE575 /* 597-5973064_american-football-ball-clipart-picture-freeuse-library-colorful.png */,
				3FF75DCF26B30FA700BDE575 /* LaunchScreen.storyboard */,
				3FF75DD226B30FA700BDE575 /* Info.plist */,
			);
			path = "Tabbed Controller";
			sourceTree = "<group>";
		};
		3FF75DDA26B30FA700BDE575 /* Tabbed ControllerTests */ = {
			isa = PBXGroup;
			children = (
				3FF75DDB26B30FA700BDE575 /* Tabbed_ControllerTests.swift */,
				3FF75DDD26B30FA700BDE575 /* Info.plist */,
			);
			path = "Tabbed ControllerTests";
			sourceTree = "<group>";
		};
		3FF75DE526B30FA700BDE575 /* Tabbed ControllerUITests */ = {
			isa = PBXGroup;
			children = (
				3FF75DE626B30FA700BDE575 /* Tabbed_ControllerUITests.swift */,
				3FF75DE826B30FA700BDE575 /* Info.plist */,
			);
			path = "Tabbed ControllerUITests";
			sourceTree = "<group>";
		};
/* End PBXGroup section */

/* Begin PBXNativeTarget section */
		3FF75DC026B30FA400BDE575 /* Tabbed Controller */ = {
			isa = PBXNativeTarget;
			buildConfigurationList = 3FF75DEB26B30FA700BDE575 /* Build configuration list for PBXNativeTarget "Tabbed Controller" */;
			buildPhases = (
				3FF75DBD26B30FA400BDE575 /* Sources */,
				3FF75DBE26B30FA400BDE575 /* Frameworks */,
				3FF75DBF26B30FA400BDE575 /* Resources */,
			);
			buildRules = (
			);
			dependencies = (
			);
			name = "Tabbed Controller";
			productName = "Tabbed Controller";
			productReference = 3FF75DC126B30FA400BDE575 /* Tabbed Controller.app */;
			productType = "com.apple.product-type.application";
		};
		3FF75DD626B30FA700BDE575 /* Tabbed ControllerTests */ = {
			isa = PBXNativeTarget;
			buildConfigurationList = 3FF75DEE26B30FA700BDE575 /* Build configuration list for PBXNativeTarget "Tabbed ControllerTests" */;
			buildPhases = (
				3FF75DD326B30FA700BDE575 /* Sources */,
				3FF75DD426B30FA700BDE575 /* Frameworks */,
				3FF75DD526B30FA700BDE575 /* Resources */,
			);
			buildRules = (
			);
			dependencies = (
				3FF75DD926B30FA700BDE575 /* PBXTargetDependency */,
			);
			name = "Tabbed ControllerTests";
			productName = "Tabbed ControllerTests";
			productReference = 3FF75DD726B30FA700BDE575 /* Tabbed ControllerTests.xctest */;
			productType = "com.apple.product-type.bundle.unit-test";
		};
		3FF75DE126B30FA700BDE575 /* Tabbed ControllerUITests */ = {
			isa = PBXNativeTarget;
			buildConfigurationList = 3FF75DF126B30FA700BDE575 /* Build configuration list for PBXNativeTarget "Tabbed ControllerUITests" */;
			buildPhases = (
				3FF75DDE26B30FA700BDE575 /* Sources */,
				3FF75DDF26B30FA700BDE575 /* Frameworks */,
				3FF75DE026B30FA700BDE575 /* Resources */,
			);
			buildRules = (
			);
			dependencies = (
				3FF75DE426B30FA700BDE575 /* PBXTargetDependency */,
			);
			name = "Tabbed ControllerUITests";
			productName = "Tabbed ControllerUITests";
			productReference = 3FF75DE226B30FA700BDE575 /* Tabbed ControllerUITests.xctest */;
			productType = "com.apple.product-type.bundle.ui-testing";
		};
/* End PBXNativeTarget section */

/* Begin PBXProject section */
		3FF75DB926B30FA400BDE575 /* Project object */ = {
			isa = PBXProject;
			attributes = {
				LastSwiftUpdateCheck = 1250;
				LastUpgradeCheck = 1250;
				TargetAttributes = {
					3FF75DC026B30FA400BDE575 = {
						CreatedOnToolsVersion = 12.5;
					};
					3FF75DD626B30FA700BDE575 = {
						CreatedOnToolsVersion = 12.5;
						TestTargetID = 3FF75DC026B30FA400BDE575;
					};
					3FF75DE126B30FA700BDE575 = {
						CreatedOnToolsVersion = 12.5;
						TestTargetID = 3FF75DC026B30FA400BDE575;
					};
				};
			};
			buildConfigurationList = 3FF75DBC26B30FA400BDE575 /* Build configuration list for PBXProject "Tabbed Controller" */;
			compatibilityVersion = "Xcode 9.3";
			developmentRegion = en;
			hasScannedForEncodings = 0;
			knownRegions = (
				en,
				Base,
			);
			mainGroup = 3FF75DB826B30FA400BDE575;
			productRefGroup = 3FF75DC226B30FA400BDE575 /* Products */;
			projectDirPath = "";
			projectRoot = "";
			targets = (
				3FF75DC026B30FA400BDE575 /* Tabbed Controller */,
				3FF75DD626B30FA700BDE575 /* Tabbed ControllerTests */,
				3FF75DE126B30FA700BDE575 /* Tabbed ControllerUITests */,
			);
		};
/* End PBXProject section */

/* Begin PBXResourcesBuildPhase section */
		3FF75DBF26B30FA400BDE575 /* Resources */ = {
			isa = PBXResourcesBuildPhase;
			buildActionMask = 2147483647;
			files = (
				3FF75DF526B31D5300BDE575 /* depositphotos_14134920-stock-illustration-soccer-ball-sketch.jpeg in Resources */,
				3FF75DD126B30FA700BDE575 /* LaunchScreen.storyboard in Resources */,
				3FF75DCE26B30FA700BDE575 /* Assets.xcassets in Resources */,
				3FF75DF726B31D8800BDE575 /* 597-5973064_american-football-ball-clipart-picture-freeuse-library-colorful.png in Resources */,
				3FF75DCC26B30FA400BDE575 /* Main.storyboard in Resources */,
			);
			runOnlyForDeploymentPostprocessing = 0;
		};
		3FF75DD526B30FA700BDE575 /* Resources */ = {
			isa = PBXResourcesBuildPhase;
			buildActionMask = 2147483647;
			files = (
			);
			runOnlyForDeploymentPostprocessing = 0;
		};
		3FF75DE026B30FA700BDE575 /* Resources */ = {
			isa = PBXResourcesBuildPhase;
			buildActionMask = 2147483647;
			files = (
			);
			runOnlyForDeploymentPostprocessing = 0;
		};
/* End PBXResourcesBuildPhase section */

/* Begin PBXSourcesBuildPhase section */
		3FF75DBD26B30FA400BDE575 /* Sources */ = {
			isa = PBXSourcesBuildPhase;
			buildActionMask = 2147483647;
			files = (
				3FF75DC926B30FA400BDE575 /* ViewController.swift in Sources */,
				3FF75DC526B30FA400BDE575 /* AppDelegate.swift in Sources */,
				3FF75DC726B30FA400BDE575 /* SceneDelegate.swift in Sources */,
			);
			runOnlyForDeploymentPostprocessing = 0;
		};
		3FF75DD326B30FA700BDE575 /* Sources */ = {
			isa = PBXSourcesBuildPhase;
			buildActionMask = 2147483647;
			files = (
				3FF75DDC26B30FA700BDE575 /* Tabbed_ControllerTests.swift in Sources */,
			);
			runOnlyForDeploymentPostprocessing = 0;
		};
		3FF75DDE26B30FA700BDE575 /* Sources */ = {
			isa = PBXSourcesBuildPhase;
			buildActionMask = 2147483647;
			files = (
				3FF75DE726B30FA700BDE575 /* Tabbed_ControllerUITests.swift in Sources */,
			);
			runOnlyForDeploymentPostprocessing = 0;
		};
/* End PBXSourcesBuildPhase section */

/* Begin PBXTargetDependency section */
		3FF75DD926B30FA700BDE575 /* PBXTargetDependency */ = {
			isa = PBXTargetDependency;
			target = 3FF75DC026B30FA400BDE575 /* Tabbed Controller */;
			targetProxy = 3FF75DD826B30FA700BDE575 /* PBXContainerItemProxy */;
		};
		3FF75DE426B30FA700BDE575 /* PBXTargetDependency */ = {
			isa = PBXTargetDependency;
			target = 3FF75DC026B30FA400BDE575 /* Tabbed Controller */;
			targetProxy = 3FF75DE326B30FA700BDE575 /* PBXContainerItemProxy */;
		};
/* End PBXTargetDependency section */

/* Begin PBXVariantGroup section */
		3FF75DCA26B30FA400BDE575 /* Main.storyboard */ = {
			isa = PBXVariantGroup;
			children = (
				3FF75DCB26B30FA400BDE575 /* Base */,
			);
			name = Main.storyboard;
			sourceTree = "<group>";
		};
		3FF75DCF26B30FA700BDE575 /* LaunchScreen.storyboard */ = {
			isa = PBXVariantGroup;
			children = (
				3FF75DD026B30FA700BDE575 /* Base */,
			);
			name = LaunchScreen.storyboard;
			sourceTree = "<group>";
		};
/* End PBXVariantGroup section */

/* Begin XCBuildConfiguration section */
		3FF75DE926B30FA700BDE575 /* Debug */ = {
			isa = XCBuildConfiguration;
			buildSettings = {
				ALWAYS_SEARCH_USER_PATHS = NO;
				CLANG_ANALYZER_NONNULL = YES;
				CLANG_ANALYZER_NUMBER_OBJECT_CONVERSION = YES_AGGRESSIVE;
				CLANG_CXX_LANGUAGE_STANDARD = "gnu++14";
				CLANG_CXX_LIBRARY = "libc++";
				CLANG_ENABLE_MODULES = YES;
				CLANG_ENABLE_OBJC_ARC = YES;
				CLANG_ENABLE_OBJC_WEAK = YES;
				CLANG_WARN_BLOCK_CAPTURE_AUTORELEASING = YES;
				CLANG_WARN_BOOL_CONVERSION = YES;
				CLANG_WARN_COMMA = YES;
				CLANG_WARN_CONSTANT_CONVERSION = YES;
				CLANG_WARN_DEPRECATED_OBJC_IMPLEMENTATIONS = YES;
				CLANG_WARN_DIRECT_OBJC_ISA_USAGE = YES_ERROR;
				CLANG_WARN_DOCUMENTATION_COMMENTS = YES;
				CLANG_WARN_EMPTY_BODY = YES;
				CLANG_WARN_ENUM_CONVERSION = YES;
				CLANG_WARN_INFINITE_RECURSION = YES;
				CLANG_WARN_INT_CONVERSION = YES;
				CLANG_WARN_NON_LITERAL_NULL_CONVERSION = YES;
				CLANG_WARN_OBJC_IMPLICIT_RETAIN_SELF = YES;
				CLANG_WARN_OBJC_LITERAL_CONVERSION = YES;
				CLANG_WARN_OBJC_ROOT_CLASS = YES_ERROR;
				CLANG_WARN_QUOTED_INCLUDE_IN_FRAMEWORK_HEADER = YES;
				CLANG_WARN_RANGE_LOOP_ANALYSIS = YES;
				CLANG_WARN_STRICT_PROTOTYPES = YES;
				CLANG_WARN_SUSPICIOUS_MOVE = YES;
				CLANG_WARN_UNGUARDED_AVAILABILITY = YES_AGGRESSIVE;
				CLANG_WARN_UNREACHABLE_CODE = YES;
				CLANG_WARN__DUPLICATE_METHOD_MATCH = YES;
				COPY_PHASE_STRIP = NO;
				DEBUG_INFORMATION_FORMAT = dwarf;
				ENABLE_STRICT_OBJC_MSGSEND = YES;
				ENABLE_TESTABILITY = YES;
				GCC_C_LANGUAGE_STANDARD = gnu11;
				GCC_DYNAMIC_NO_PIC = NO;
				GCC_NO_COMMON_BLOCKS = YES;
				GCC_OPTIMIZATION_LEVEL = 0;
				GCC_PREPROCESSOR_DEFINITIONS = (
					"DEBUG=1",
					"$(inherited)",
				);
				GCC_WARN_64_TO_32_BIT_CONVERSION = YES;
				GCC_WARN_ABOUT_RETURN_TYPE = YES_ERROR;
				GCC_WARN_UNDECLARED_SELECTOR = YES;
				GCC_WARN_UNINITIALIZED_AUTOS = YES_AGGRESSIVE;
				GCC_WARN_UNUSED_FUNCTION = YES;
				GCC_WARN_UNUSED_VARIABLE = YES;
				IPHONEOS_DEPLOYMENT_TARGET = 14.5;
				MTL_ENABLE_DEBUG_INFO = INCLUDE_SOURCE;
				MTL_FAST_MATH = YES;
				ONLY_ACTIVE_ARCH = YES;
				SDKROOT = iphoneos;
				SWIFT_ACTIVE_COMPILATION_CONDITIONS = DEBUG;
				SWIFT_OPTIMIZATION_LEVEL = "-Onone";
			};
			name = Debug;
		};
		3FF75DEA26B30FA700BDE575 /* Release */ = {
			isa = XCBuildConfiguration;
			buildSettings = {
				ALWAYS_SEARCH_USER_PATHS = NO;
				CLANG_ANALYZER_NONNULL = YES;
				CLANG_ANALYZER_NUMBER_OBJECT_CONVERSION = YES_AGGRESSIVE;
				CLANG_CXX_LANGUAGE_STANDARD = "gnu++14";
				CLANG_CXX_LIBRARY = "libc++";
				CLANG_ENABLE_MODULES = YES;
				CLANG_ENABLE_OBJC_ARC = YES;
				CLANG_ENABLE_OBJC_WEAK = YES;
				CLANG_WARN_BLOCK_CAPTURE_AUTORELEASING = YES;
				CLANG_WARN_BOOL_CONVERSION = YES;
				CLANG_WARN_COMMA = YES;
				CLANG_WARN_CONSTANT_CONVERSION = YES;
				CLANG_WARN_DEPRECATED_OBJC_IMPLEMENTATIONS = YES;
				CLANG_WARN_DIRECT_OBJC_ISA_USAGE = YES_ERROR;
				CLANG_WARN_DOCUMENTATION_COMMENTS = YES;
				CLANG_WARN_EMPTY_BODY = YES;
				CLANG_WARN_ENUM_CONVERSION = YES;
				CLANG_WARN_INFINITE_RECURSION = YES;
				CLANG_WARN_INT_CONVERSION = YES;
				CLANG_WARN_NON_LITERAL_NULL_CONVERSION = YES;
				CLANG_WARN_OBJC_IMPLICIT_RETAIN_SELF = YES;
				CLANG_WARN_OBJC_LITERAL_CONVERSION = YES;
				CLANG_WARN_OBJC_ROOT_CLASS = YES_ERROR;
				CLANG_WARN_QUOTED_INCLUDE_IN_FRAMEWORK_HEADER = YES;
				CLANG_WARN_RANGE_LOOP_ANALYSIS = YES;
				CLANG_WARN_STRICT_PROTOTYPES = YES;
				CLANG_WARN_SUSPICIOUS_MOVE = YES;
				CLANG_WARN_UNGUARDED_AVAILABILITY = YES_AGGRESSIVE;
				CLANG_WARN_UNREACHABLE_CODE = YES;
				CLANG_WARN__DUPLICATE_METHOD_MATCH = YES;
				COPY_PHASE_STRIP = NO;
				DEBUG_INFORMATION_FORMAT = "dwarf-with-dsym";
				ENABLE_NS_ASSERTIONS = NO;
				ENABLE_STRICT_OBJC_MSGSEND = YES;
				GCC_C_LANGUAGE_STANDARD = gnu11;
				GCC_NO_COMMON_BLOCKS = YES;
				GCC_WARN_64_TO_32_BIT_CONVERSION = YES;
				GCC_WARN_ABOUT_RETURN_TYPE = YES_ERROR;
				GCC_WARN_UNDECLARED_SELECTOR = YES;
				GCC_WARN_UNINITIALIZED_AUTOS = YES_AGGRESSIVE;
				GCC_WARN_UNUSED_FUNCTION = YES;
				GCC_WARN_UNUSED_VARIABLE = YES;
				IPHONEOS_DEPLOYMENT_TARGET = 14.5;
				MTL_ENABLE_DEBUG_INFO = NO;
				MTL_FAST_MATH = YES;
				SDKROOT = iphoneos;
				SWIFT_COMPILATION_MODE = wholemodule;
				SWIFT_OPTIMIZATION_LEVEL = "-O";
				VALIDATE_PRODUCT = YES;
			};
			name = Release;
		};
		3FF75DEC26B30FA700BDE575 /* Debug */ = {
			isa = XCBuildConfiguration;
			buildSettings = {
				ASSETCATALOG_COMPILER_APPICON_NAME = AppIcon;
				ASSETCATALOG_COMPILER_GLOBAL_ACCENT_COLOR_NAME = AccentColor;
				CODE_SIGN_STYLE = Automatic;
				INFOPLIST_FILE = "Tabbed Controller/Info.plist";
				LD_RUNPATH_SEARCH_PATHS = (
					"$(inherited)",
					"@executable_path/Frameworks",
				);
				PRODUCT_BUNDLE_IDENTIFIER = "Genesys-Works.Tabbed-Controller";
				PRODUCT_NAME = "$(TARGET_NAME)";
				SWIFT_VERSION = 5.0;
				TARGETED_DEVICE_FAMILY = "1,2";
			};
			name = Debug;
		};
		3FF75DED26B30FA700BDE575 /* Release */ = {
			isa = XCBuildConfiguration;
			buildSettings = {
				ASSETCATALOG_COMPILER_APPICON_NAME = AppIcon;
				ASSETCATALOG_COMPILER_GLOBAL_ACCENT_COLOR_NAME = AccentColor;
				CODE_SIGN_STYLE = Automatic;
				INFOPLIST_FILE = "Tabbed Controller/Info.plist";
				LD_RUNPATH_SEARCH_PATHS = (
					"$(inherited)",
					"@executable_path/Frameworks",
				);
				PRODUCT_BUNDLE_IDENTIFIER = "Genesys-Works.Tabbed-Controller";
				PRODUCT_NAME = "$(TARGET_NAME)";
				SWIFT_VERSION = 5.0;
				TARGETED_DEVICE_FAMILY = "1,2";
			};
			name = Release;
		};
		3FF75DEF26B30FA700BDE575 /* Debug */ = {
			isa = XCBuildConfiguration;
			buildSettings = {
				ALWAYS_EMBED_SWIFT_STANDARD_LIBRARIES = YES;
				BUNDLE_LOADER = "$(TEST_HOST)";
				CODE_SIGN_STYLE = Automatic;
				INFOPLIST_FILE = "Tabbed ControllerTests/Info.plist";
				IPHONEOS_DEPLOYMENT_TARGET = 14.5;
				LD_RUNPATH_SEARCH_PATHS = (
					"$(inherited)",
					"@executable_path/Frameworks",
					"@loader_path/Frameworks",
				);
				PRODUCT_BUNDLE_IDENTIFIER = "Genesys-Works.Tabbed-ControllerTests";
				PRODUCT_NAME = "$(TARGET_NAME)";
				SWIFT_VERSION = 5.0;
				TARGETED_DEVICE_FAMILY = "1,2";
				TEST_HOST = "$(BUILT_PRODUCTS_DIR)/Tabbed Controller.app/Tabbed Controller";
			};
			name = Debug;
		};
		3FF75DF026B30FA700BDE575 /* Release */ = {
			isa = XCBuildConfiguration;
			buildSettings = {
				ALWAYS_EMBED_SWIFT_STANDARD_LIBRARIES = YES;
				BUNDLE_LOADER = "$(TEST_HOST)";
				CODE_SIGN_STYLE = Automatic;
				INFOPLIST_FILE = "Tabbed ControllerTests/Info.plist";
				IPHONEOS_DEPLOYMENT_TARGET = 14.5;
				LD_RUNPATH_SEARCH_PATHS = (
					"$(inherited)",
					"@executable_path/Frameworks",
					"@loader_path/Frameworks",
				);
				PRODUCT_BUNDLE_IDENTIFIER = "Genesys-Works.Tabbed-ControllerTests";
				PRODUCT_NAME = "$(TARGET_NAME)";
				SWIFT_VERSION = 5.0;
				TARGETED_DEVICE_FAMILY = "1,2";
				TEST_HOST = "$(BUILT_PRODUCTS_DIR)/Tabbed Controller.app/Tabbed Controller";
			};
			name = Release;
		};
		3FF75DF226B30FA700BDE575 /* Debug */ = {
			isa = XCBuildConfiguration;
			buildSettings = {
				ALWAYS_EMBED_SWIFT_STANDARD_LIBRARIES = YES;
				CODE_SIGN_STYLE = Automatic;
				INFOPLIST_FILE = "Tabbed ControllerUITests/Info.plist";
				LD_RUNPATH_SEARCH_PATHS = (
					"$(inherited)",
					"@executable_path/Frameworks",
					"@loader_path/Frameworks",
				);
				PRODUCT_BUNDLE_IDENTIFIER = "Genesys-Works.Tabbed-ControllerUITests";
				PRODUCT_NAME = "$(TARGET_NAME)";
				SWIFT_VERSION = 5.0;
				TARGETED_DEVICE_FAMILY = "1,2";
				TEST_TARGET_NAME = "Tabbed Controller";
			};
			name = Debug;
		};
		3FF75DF326B30FA700BDE575 /* Release */ = {
			isa = XCBuildConfiguration;
			buildSettings = {
				ALWAYS_EMBED_SWIFT_STANDARD_LIBRARIES = YES;
				CODE_SIGN_STYLE = Automatic;
				INFOPLIST_FILE = "Tabbed ControllerUITests/Info.plist";
				LD_RUNPATH_SEARCH_PATHS = (
					"$(inherited)",
					"@executable_path/Frameworks",
					"@loader_path/Frameworks",
				);
				PRODUCT_BUNDLE_IDENTIFIER = "Genesys-Works.Tabbed-ControllerUITests";
				PRODUCT_NAME = "$(TARGET_NAME)";
				SWIFT_VERSION = 5.0;
				TARGETED_DEVICE_FAMILY = "1,2";
				TEST_TARGET_NAME = "Tabbed Controller";
			};
			name = Release;
		};
/* End XCBuildConfiguration section */

/* Begin XCConfigurationList section */
		3FF75DBC26B30FA400BDE575 /* Build configuration list for PBXProject "Tabbed Controller" */ = {
			isa = XCConfigurationList;
			buildConfigurations = (
				3FF75DE926B30FA700BDE575 /* Debug */,
				3FF75DEA26B30FA700BDE575 /* Release */,
			);
			defaultConfigurationIsVisible = 0;
			defaultConfigurationName = Release;
		};
		3FF75DEB26B30FA700BDE575 /* Build configuration list for PBXNativeTarget "Tabbed Controller" */ = {
			isa = XCConfigurationList;
			buildConfigurations = (
				3FF75DEC26B30FA700BDE575 /* Debug */,
				3FF75DED26B30FA700BDE575 /* Release */,
			);
			defaultConfigurationIsVisible = 0;
			defaultConfigurationName = Release;
		};
		3FF75DEE26B30FA700BDE575 /* Build configuration list for PBXNativeTarget "Tabbed ControllerTests" */ = {
			isa = XCConfigurationList;
			buildConfigurations = (
				3FF75DEF26B30FA700BDE575 /* Debug */,
				3FF75DF026B30FA700BDE575 /* Release */,
			);
			defaultConfigurationIsVisible = 0;
			defaultConfigurationName = Release;
		};
		3FF75DF126B30FA700BDE575 /* Build configuration list for PBXNativeTarget "Tabbed ControllerUITests" */ = {
			isa = XCConfigurationList;
			buildConfigurations = (
				3FF75DF226B30FA700BDE575 /* Debug */,
				3FF75DF326B30FA700BDE575 /* Release */,
			);
			defaultConfigurationIsVisible = 0;
			defaultConfigurationName = Release;
		};
/* End XCConfigurationList section */
	};
	rootObject = 3FF75DB926B30FA400BDE575 /* Project object */;
}
